
Microsoft Visual Studio Solution File, Format Version 12.00
# Visual Studio Version 17
VisualStudioVersion = 17.0.31903.59
MinimumVisualStudioVersion = 10.0.40219.1
Project("{2150E333-8FDC-42A3-9474-1A3956D46DE8}") = "src", "src", "{B3FE16A9-9388-475C-B2D5-960086BD37DF}"
EndProject
Project("{2150E333-8FDC-42A3-9474-1A3956D46DE8}") = "test", "test", "{31B7A7A8-E25E-416A-A373-5AC06613E934}"
EndProject
Project("{9A19103F-16F7-4668-BE54-9A1E7A4F7556}") = "Bookify.Domain", "Bookify.Domain\Bookify.Domain.csproj", "{AA84B6A3-D1F0-41C0-80DD-5A5C5BD834C8}"
EndProject
Project("{FAE04EC0-301F-11D3-BF4B-00C04F79EFBC}") = "Bookify.Application", "Bookify.Application\Bookify.Application.csproj", "{FFCAD7C3-3854-4911-B0B4-F63A2EA67E2F}"
EndProject
Global
	GlobalSection(SolutionConfigurationPlatforms) = preSolution
		Debug|Any CPU = Debug|Any CPU
		Release|Any CPU = Release|Any CPU
	EndGlobalSection
	GlobalSection(ProjectConfigurationPlatforms) = postSolution
		{AA84B6A3-D1F0-41C0-80DD-5A5C5BD834C8}.Debug|Any CPU.ActiveCfg = Debug|Any CPU
		{AA84B6A3-D1F0-41C0-80DD-5A5C5BD834C8}.Debug|Any CPU.Build.0 = Debug|Any CPU
		{AA84B6A3-D1F0-41C0-80DD-5A5C5BD834C8}.Release|Any CPU.ActiveCfg = Release|Any CPU
		{AA84B6A3-D1F0-41C0-80DD-5A5C5BD834C8}.Release|Any CPU.Build.0 = Release|Any CPU
		{FFCAD7C3-3854-4911-B0B4-F63A2EA67E2F}.Debug|Any CPU.ActiveCfg = Debug|Any CPU
		{FFCAD7C3-3854-4911-B0B4-F63A2EA67E2F}.Debug|Any CPU.Build.0 = Debug|Any CPU
		{FFCAD7C3-3854-4911-B0B4-F63A2EA67E2F}.Release|Any CPU.ActiveCfg = Release|Any CPU
		{FFCAD7C3-3854-4911-B0B4-F63A2EA67E2F}.Release|Any CPU.Build.0 = Release|Any CPU
	EndGlobalSection
	GlobalSection(SolutionProperties) = preSolution
		HideSolutionNode = FALSE
	EndGlobalSection
	GlobalSection(NestedProjects) = preSolution
		{AA84B6A3-D1F0-41C0-80DD-5A5C5BD834C8} = {B3FE16A9-9388-475C-B2D5-960086BD37DF}
		{FFCAD7C3-3854-4911-B0B4-F63A2EA67E2F} = {B3FE16A9-9388-475C-B2D5-960086BD37DF}
	EndGlobalSection
	GlobalSection(ExtensibilityGlobals) = postSolution
		SolutionGuid = {0509B106-AA60-4B18-AAB3-F02756A07B13}
	EndGlobalSection
EndGlobal
